// !$*UTF8*$!
{
	archiveVersion = 1;
	classes = {
	};
	objectVersion = 56;
	objects = {

/* Begin PBXBuildFile section */
		0328C10E2CEE1B7C00CC1DCF /* CoursesCollectionViewCell.swift in Sources */ = {isa = PBXBuildFile; fileRef = 0328C10C2CEE1B7C00CC1DCF /* CoursesCollectionViewCell.swift */; };
		0328C10F2CEE1B7C00CC1DCF /* CoursesCollectionViewCell.xib in Resources */ = {isa = PBXBuildFile; fileRef = 0328C10D2CEE1B7C00CC1DCF /* CoursesCollectionViewCell.xib */; };
		0328C1112CEE325500CC1DCF /* CoursesSectionCell.swift in Sources */ = {isa = PBXBuildFile; fileRef = 0328C1102CEE325500CC1DCF /* CoursesSectionCell.swift */; };
		0328C1142CEE4BB400CC1DCF /* FeaturedCoursesCollectionViewCell.swift in Sources */ = {isa = PBXBuildFile; fileRef = 0328C1122CEE4BB400CC1DCF /* FeaturedCoursesCollectionViewCell.swift */; };
		0328C1152CEE4BB400CC1DCF /* FeaturedCoursesCollectionViewCell.xib in Resources */ = {isa = PBXBuildFile; fileRef = 0328C1132CEE4BB400CC1DCF /* FeaturedCoursesCollectionViewCell.xib */; };
		0328C1172CEE575B00CC1DCF /* FeaturedCoursesCollectionView.swift in Sources */ = {isa = PBXBuildFile; fileRef = 0328C1162CEE575B00CC1DCF /* FeaturedCoursesCollectionView.swift */; };
		0328C11A2CEE71F500CC1DCF /* CareerPathsCollectionViewCell.swift in Sources */ = {isa = PBXBuildFile; fileRef = 0328C1182CEE71F500CC1DCF /* CareerPathsCollectionViewCell.swift */; };
		0328C11B2CEE71F500CC1DCF /* CareerPathsCollectionViewCell.xib in Resources */ = {isa = PBXBuildFile; fileRef = 0328C1192CEE71F500CC1DCF /* CareerPathsCollectionViewCell.xib */; };
		0328C11D2CEE77C200CC1DCF /* CareerPathCollectionView.swift in Sources */ = {isa = PBXBuildFile; fileRef = 0328C11C2CEE77C200CC1DCF /* CareerPathCollectionView.swift */; };
		0377D4682CEBBA0E006C60F6 /* AppDelegate.swift in Sources */ = {isa = PBXBuildFile; fileRef = 0377D4672CEBBA0E006C60F6 /* AppDelegate.swift */; };
		0377D46A2CEBBA0E006C60F6 /* SceneDelegate.swift in Sources */ = {isa = PBXBuildFile; fileRef = 0377D4692CEBBA0E006C60F6 /* SceneDelegate.swift */; };
		0377D46C2CEBBA0E006C60F6 /* ViewController.swift in Sources */ = {isa = PBXBuildFile; fileRef = 0377D46B2CEBBA0E006C60F6 /* ViewController.swift */; };
		0377D4722CEBBA0F006C60F6 /* E_Learning.xcdatamodeld in Sources */ = {isa = PBXBuildFile; fileRef = 0377D4702CEBBA0F006C60F6 /* E_Learning.xcdatamodeld */; };
		0377D4742CEBBA3D006C60F6 /* Assets.xcassets in Resources */ = {isa = PBXBuildFile; fileRef = 0377D4732CEBBA3D006C60F6 /* Assets.xcassets */; };
		0377D4772CEBBA3D006C60F6 /* LaunchScreen.storyboard in Resources */ = {isa = PBXBuildFile; fileRef = 0377D4752CEBBA3D006C60F6 /* LaunchScreen.storyboard */; };
		0377D4802CEBC26D006C60F6 /* Second.storyboard in Resources */ = {isa = PBXBuildFile; fileRef = 0377D47F2CEBC26D006C60F6 /* Second.storyboard */; };
		03822FE32CECC27B00F96ACB /* Main.storyboard in Resources */ = {isa = PBXBuildFile; fileRef = 03822FE22CECC27A00F96ACB /* Main.storyboard */; };
		03822FE52CECC71500F96ACB /* SearchViewController.swift in Sources */ = {isa = PBXBuildFile; fileRef = 03822FE42CECC71500F96ACB /* SearchViewController.swift */; };
		03822FE72CECC90900F96ACB /* MyLearningViewController.swift in Sources */ = {isa = PBXBuildFile; fileRef = 03822FE62CECC90900F96ACB /* MyLearningViewController.swift */; };
		03822FE92CECC93700F96ACB /* ProfileViewController.swift in Sources */ = {isa = PBXBuildFile; fileRef = 03822FE82CECC93700F96ACB /* ProfileViewController.swift */; };
		03822FEB2CECC97C00F96ACB /* HomeViewController.swift in Sources */ = {isa = PBXBuildFile; fileRef = 03822FEA2CECC97C00F96ACB /* HomeViewController.swift */; };
		03822FFA2CECE8A000F96ACB /* OnboardingViewController.swift in Sources */ = {isa = PBXBuildFile; fileRef = 03822FF92CECE8A000F96ACB /* OnboardingViewController.swift */; };
		03822FFD2CED017D00F96ACB /* HeaderCollectionViewCell.swift in Sources */ = {isa = PBXBuildFile; fileRef = 03822FFB2CED017D00F96ACB /* HeaderCollectionViewCell.swift */; };
		03822FFE2CED017D00F96ACB /* HeaderCollectionViewCell.xib in Resources */ = {isa = PBXBuildFile; fileRef = 03822FFC2CED017D00F96ACB /* HeaderCollectionViewCell.xib */; };
		038230012CED308C00F96ACB /* ContinueCollectionViewCell.swift in Sources */ = {isa = PBXBuildFile; fileRef = 03822FFF2CED308C00F96ACB /* ContinueCollectionViewCell.swift */; };
		038230022CED308C00F96ACB /* ContinueCollectionViewCell.xib in Resources */ = {isa = PBXBuildFile; fileRef = 038230002CED308C00F96ACB /* ContinueCollectionViewCell.xib */; };
		7D89CE932CED542800A5B64A /* SectionHeaderView.swift in Sources */ = {isa = PBXBuildFile; fileRef = 7D89CE922CED542800A5B64A /* SectionHeaderView.swift */; };
		7D89CE952CED5E5C00A5B64A /* coursesTitlesCellCollectionViewCell.swift in Sources */ = {isa = PBXBuildFile; fileRef = 7D89CE942CED5E5C00A5B64A /* coursesTitlesCellCollectionViewCell.swift */; };
		7DA9C0E12CED29C00075C213 /* SecondHomeCollectionViewController.swift in Sources */ = {isa = PBXBuildFile; fileRef = 7DA9C0E02CED29C00075C213 /* SecondHomeCollectionViewController.swift */; };
/* End PBXBuildFile section */

/* Begin PBXFileReference section */
		0328C10C2CEE1B7C00CC1DCF /* CoursesCollectionViewCell.swift */ = {isa = PBXFileReference; lastKnownFileType = sourcecode.swift; path = CoursesCollectionViewCell.swift; sourceTree = "<group>"; };
		0328C10D2CEE1B7C00CC1DCF /* CoursesCollectionViewCell.xib */ = {isa = PBXFileReference; lastKnownFileType = file.xib; path = CoursesCollectionViewCell.xib; sourceTree = "<group>"; };
		0328C1102CEE325500CC1DCF /* CoursesSectionCell.swift */ = {isa = PBXFileReference; lastKnownFileType = sourcecode.swift; path = CoursesSectionCell.swift; sourceTree = "<group>"; };
		0328C1122CEE4BB400CC1DCF /* FeaturedCoursesCollectionViewCell.swift */ = {isa = PBXFileReference; lastKnownFileType = sourcecode.swift; path = FeaturedCoursesCollectionViewCell.swift; sourceTree = "<group>"; };
		0328C1132CEE4BB400CC1DCF /* FeaturedCoursesCollectionViewCell.xib */ = {isa = PBXFileReference; lastKnownFileType = file.xib; path = FeaturedCoursesCollectionViewCell.xib; sourceTree = "<group>"; };
		0328C1162CEE575B00CC1DCF /* FeaturedCoursesCollectionView.swift */ = {isa = PBXFileReference; lastKnownFileType = sourcecode.swift; path = FeaturedCoursesCollectionView.swift; sourceTree = "<group>"; };
		0328C1182CEE71F500CC1DCF /* CareerPathsCollectionViewCell.swift */ = {isa = PBXFileReference; lastKnownFileType = sourcecode.swift; path = CareerPathsCollectionViewCell.swift; sourceTree = "<group>"; };
		0328C1192CEE71F500CC1DCF /* CareerPathsCollectionViewCell.xib */ = {isa = PBXFileReference; lastKnownFileType = file.xib; path = CareerPathsCollectionViewCell.xib; sourceTree = "<group>"; };
		0328C11C2CEE77C200CC1DCF /* CareerPathCollectionView.swift */ = {isa = PBXFileReference; lastKnownFileType = sourcecode.swift; path = CareerPathCollectionView.swift; sourceTree = "<group>"; };
		0377D4642CEBBA0E006C60F6 /* E-Learning.app */ = {isa = PBXFileReference; explicitFileType = wrapper.application; includeInIndex = 0; path = "E-Learning.app"; sourceTree = BUILT_PRODUCTS_DIR; };
		0377D4672CEBBA0E006C60F6 /* AppDelegate.swift */ = {isa = PBXFileReference; lastKnownFileType = sourcecode.swift; path = AppDelegate.swift; sourceTree = "<group>"; };
		0377D4692CEBBA0E006C60F6 /* SceneDelegate.swift */ = {isa = PBXFileReference; lastKnownFileType = sourcecode.swift; path = SceneDelegate.swift; sourceTree = "<group>"; };
		0377D46B2CEBBA0E006C60F6 /* ViewController.swift */ = {isa = PBXFileReference; lastKnownFileType = sourcecode.swift; path = ViewController.swift; sourceTree = "<group>"; };
		0377D4712CEBBA0F006C60F6 /* E_Learning.xcdatamodel */ = {isa = PBXFileReference; lastKnownFileType = wrapper.xcdatamodel; path = E_Learning.xcdatamodel; sourceTree = "<group>"; };
		0377D4732CEBBA3D006C60F6 /* Assets.xcassets */ = {isa = PBXFileReference; lastKnownFileType = folder.assetcatalog; path = Assets.xcassets; sourceTree = "<group>"; };
		0377D4762CEBBA3D006C60F6 /* Base */ = {isa = PBXFileReference; lastKnownFileType = file.storyboard; name = Base; path = Base.lproj/LaunchScreen.storyboard; sourceTree = "<group>"; };
		0377D4782CEBBA3D006C60F6 /* Info.plist */ = {isa = PBXFileReference; lastKnownFileType = text.plist.xml; path = Info.plist; sourceTree = "<group>"; };
		0377D47F2CEBC26D006C60F6 /* Second.storyboard */ = {isa = PBXFileReference; lastKnownFileType = file.storyboard; path = Second.storyboard; sourceTree = "<group>"; };
		03822FE22CECC27A00F96ACB /* Main.storyboard */ = {isa = PBXFileReference; lastKnownFileType = file.storyboard; path = Main.storyboard; sourceTree = "<group>"; };
		03822FE42CECC71500F96ACB /* SearchViewController.swift */ = {isa = PBXFileReference; lastKnownFileType = sourcecode.swift; path = SearchViewController.swift; sourceTree = "<group>"; };
		03822FE62CECC90900F96ACB /* MyLearningViewController.swift */ = {isa = PBXFileReference; lastKnownFileType = sourcecode.swift; path = MyLearningViewController.swift; sourceTree = "<group>"; };
		03822FE82CECC93700F96ACB /* ProfileViewController.swift */ = {isa = PBXFileReference; lastKnownFileType = sourcecode.swift; path = ProfileViewController.swift; sourceTree = "<group>"; };
		03822FEA2CECC97C00F96ACB /* HomeViewController.swift */ = {isa = PBXFileReference; lastKnownFileType = sourcecode.swift; path = HomeViewController.swift; sourceTree = "<group>"; };
		03822FF92CECE8A000F96ACB /* OnboardingViewController.swift */ = {isa = PBXFileReference; lastKnownFileType = sourcecode.swift; path = OnboardingViewController.swift; sourceTree = "<group>"; };
		03822FFB2CED017D00F96ACB /* HeaderCollectionViewCell.swift */ = {isa = PBXFileReference; lastKnownFileType = sourcecode.swift; path = HeaderCollectionViewCell.swift; sourceTree = "<group>"; };
		03822FFC2CED017D00F96ACB /* HeaderCollectionViewCell.xib */ = {isa = PBXFileReference; lastKnownFileType = file.xib; path = HeaderCollectionViewCell.xib; sourceTree = "<group>"; };
		03822FFF2CED308C00F96ACB /* ContinueCollectionViewCell.swift */ = {isa = PBXFileReference; lastKnownFileType = sourcecode.swift; path = ContinueCollectionViewCell.swift; sourceTree = "<group>"; };
		038230002CED308C00F96ACB /* ContinueCollectionViewCell.xib */ = {isa = PBXFileReference; lastKnownFileType = file.xib; path = ContinueCollectionViewCell.xib; sourceTree = "<group>"; };
		038230042CED375100F96ACB /* Roboto-Light.ttf */ = {isa = PBXFileReference; lastKnownFileType = file; path = "Roboto-Light.ttf"; sourceTree = "<group>"; };
		038230052CED375C00F96ACB /* Roboto-Bold.ttf */ = {isa = PBXFileReference; lastKnownFileType = file; path = "Roboto-Bold.ttf"; sourceTree = "<group>"; };
		038230062CED376F00F96ACB /* Roboto-Regular.ttf */ = {isa = PBXFileReference; lastKnownFileType = file; path = "Roboto-Regular.ttf"; sourceTree = "<group>"; };
		7D89CE922CED542800A5B64A /* SectionHeaderView.swift */ = {isa = PBXFileReference; lastKnownFileType = sourcecode.swift; path = SectionHeaderView.swift; sourceTree = "<group>"; };
		7D89CE942CED5E5C00A5B64A /* coursesTitlesCellCollectionViewCell.swift */ = {isa = PBXFileReference; lastKnownFileType = sourcecode.swift; path = coursesTitlesCellCollectionViewCell.swift; sourceTree = "<group>"; };
		7DA9C0E02CED29C00075C213 /* SecondHomeCollectionViewController.swift */ = {isa = PBXFileReference; lastKnownFileType = sourcecode.swift; path = SecondHomeCollectionViewController.swift; sourceTree = "<group>"; };
/* End PBXFileReference section */

/* Begin PBXFrameworksBuildPhase section */
		0377D4612CEBBA0E006C60F6 /* Frameworks */ = {
			isa = PBXFrameworksBuildPhase;
			buildActionMask = 2147483647;
			files = (
			);
			runOnlyForDeploymentPostprocessing = 0;
		};
/* End PBXFrameworksBuildPhase section */

/* Begin PBXGroup section */
		0377D45B2CEBBA0C006C60F6 = {
			isa = PBXGroup;
			children = (
				0377D4662CEBBA0E006C60F6 /* E-Learning */,
				0377D4652CEBBA0E006C60F6 /* Products */,
			);
			sourceTree = "<group>";
		};
		0377D4652CEBBA0E006C60F6 /* Products */ = {
			isa = PBXGroup;
			children = (
				0377D4642CEBBA0E006C60F6 /* E-Learning.app */,
			);
			name = Products;
			sourceTree = "<group>";
		};
		0377D4662CEBBA0E006C60F6 /* E-Learning */ = {
			isa = PBXGroup;
			children = (
				038230032CED36E500F96ACB /* Fonts */,
				03822FF82CECE83100F96ACB /* Onboarding */,
				03822FF52CECE14500F96ACB /* Profile */,
				03822FF22CECE11B00F96ACB /* MyLearning */,
				03822FED2CECE0B000F96ACB /* Search */,
				03822FEC2CECE0A400F96ACB /* Home */,
				0377D47E2CEBC1F5006C60F6 /* Views */,
				0377D4672CEBBA0E006C60F6 /* AppDelegate.swift */,
				0377D4692CEBBA0E006C60F6 /* SceneDelegate.swift */,
				0377D46B2CEBBA0E006C60F6 /* ViewController.swift */,
				0377D4732CEBBA3D006C60F6 /* Assets.xcassets */,
				0377D4782CEBBA3D006C60F6 /* Info.plist */,
				0377D4702CEBBA0F006C60F6 /* E_Learning.xcdatamodeld */,
			);
			path = "E-Learning";
			sourceTree = "<group>";
		};
		0377D47E2CEBC1F5006C60F6 /* Views */ = {
			isa = PBXGroup;
			children = (
				03822FE22CECC27A00F96ACB /* Main.storyboard */,
				0377D4752CEBBA3D006C60F6 /* LaunchScreen.storyboard */,
				0377D47F2CEBC26D006C60F6 /* Second.storyboard */,
			);
			path = Views;
			sourceTree = "<group>";
		};
		03822FEC2CECE0A400F96ACB /* Home */ = {
			isa = PBXGroup;
			children = (
				03822FEF2CECE0C900F96ACB /* ViewModel */,
				03822FEE2CECE0BA00F96ACB /* views */,
			);
			path = Home;
			sourceTree = "<group>";
		};
		03822FED2CECE0B000F96ACB /* Search */ = {
			isa = PBXGroup;
			children = (
				03822FF12CECE10400F96ACB /* ViewModel */,
				03822FF02CECE0F500F96ACB /* views */,
			);
			path = Search;
			sourceTree = "<group>";
		};
		03822FEE2CECE0BA00F96ACB /* views */ = {
			isa = PBXGroup;
			children = (
				03822FEA2CECC97C00F96ACB /* HomeViewController.swift */,
				03822FFB2CED017D00F96ACB /* HeaderCollectionViewCell.swift */,
				03822FFC2CED017D00F96ACB /* HeaderCollectionViewCell.xib */,
				7DA9C0E02CED29C00075C213 /* SecondHomeCollectionViewController.swift */,
				03822FFF2CED308C00F96ACB /* ContinueCollectionViewCell.swift */,
				7D89CE942CED5E5C00A5B64A /* coursesTitlesCellCollectionViewCell.swift */,
				038230002CED308C00F96ACB /* ContinueCollectionViewCell.xib */,
				7D89CE922CED542800A5B64A /* SectionHeaderView.swift */,
				0328C10C2CEE1B7C00CC1DCF /* CoursesCollectionViewCell.swift */,
				0328C10D2CEE1B7C00CC1DCF /* CoursesCollectionViewCell.xib */,
				0328C1102CEE325500CC1DCF /* CoursesSectionCell.swift */,
				0328C1122CEE4BB400CC1DCF /* FeaturedCoursesCollectionViewCell.swift */,
				0328C1132CEE4BB400CC1DCF /* FeaturedCoursesCollectionViewCell.xib */,
				0328C1162CEE575B00CC1DCF /* FeaturedCoursesCollectionView.swift */,
				0328C1182CEE71F500CC1DCF /* CareerPathsCollectionViewCell.swift */,
				0328C1192CEE71F500CC1DCF /* CareerPathsCollectionViewCell.xib */,
				0328C11C2CEE77C200CC1DCF /* CareerPathCollectionView.swift */,
			);
			path = views;
			sourceTree = "<group>";
		};
		03822FEF2CECE0C900F96ACB /* ViewModel */ = {
			isa = PBXGroup;
			children = (
			);
			path = ViewModel;
			sourceTree = "<group>";
		};
		03822FF02CECE0F500F96ACB /* views */ = {
			isa = PBXGroup;
			children = (
				03822FE42CECC71500F96ACB /* SearchViewController.swift */,
			);
			path = views;
			sourceTree = "<group>";
		};
		03822FF12CECE10400F96ACB /* ViewModel */ = {
			isa = PBXGroup;
			children = (
			);
			path = ViewModel;
			sourceTree = "<group>";
		};
		03822FF22CECE11B00F96ACB /* MyLearning */ = {
			isa = PBXGroup;
			children = (
				03822FF42CECE13600F96ACB /* ViewModel */,
				03822FF32CECE12A00F96ACB /* views */,
			);
			path = MyLearning;
			sourceTree = "<group>";
		};
		03822FF32CECE12A00F96ACB /* views */ = {
			isa = PBXGroup;
			children = (
				03822FE62CECC90900F96ACB /* MyLearningViewController.swift */,
			);
			path = views;
			sourceTree = "<group>";
		};
		03822FF42CECE13600F96ACB /* ViewModel */ = {
			isa = PBXGroup;
			children = (
			);
			path = ViewModel;
			sourceTree = "<group>";
		};
		03822FF52CECE14500F96ACB /* Profile */ = {
			isa = PBXGroup;
			children = (
				03822FF72CECE16600F96ACB /* ViewModel */,
				03822FF62CECE15C00F96ACB /* views */,
			);
			path = Profile;
			sourceTree = "<group>";
		};
		03822FF62CECE15C00F96ACB /* views */ = {
			isa = PBXGroup;
			children = (
				03822FE82CECC93700F96ACB /* ProfileViewController.swift */,
			);
			path = views;
			sourceTree = "<group>";
		};
		03822FF72CECE16600F96ACB /* ViewModel */ = {
			isa = PBXGroup;
			children = (
			);
			path = ViewModel;
			sourceTree = "<group>";
		};
		03822FF82CECE83100F96ACB /* Onboarding */ = {
			isa = PBXGroup;
			children = (
				03822FF92CECE8A000F96ACB /* OnboardingViewController.swift */,
			);
			path = Onboarding;
			sourceTree = "<group>";
		};
		038230032CED36E500F96ACB /* Fonts */ = {
			isa = PBXGroup;
			children = (
				038230042CED375100F96ACB /* Roboto-Light.ttf */,
				038230052CED375C00F96ACB /* Roboto-Bold.ttf */,
				038230062CED376F00F96ACB /* Roboto-Regular.ttf */,
			);
			path = Fonts;
			sourceTree = "<group>";
		};
/* End PBXGroup section */

/* Begin PBXNativeTarget section */
		0377D4632CEBBA0E006C60F6 /* E-Learning */ = {
			isa = PBXNativeTarget;
			buildConfigurationList = 0377D47B2CEBBA3D006C60F6 /* Build configuration list for PBXNativeTarget "E-Learning" */;
			buildPhases = (
				0377D4602CEBBA0E006C60F6 /* Sources */,
				0377D4612CEBBA0E006C60F6 /* Frameworks */,
				0377D4622CEBBA0E006C60F6 /* Resources */,
			);
			buildRules = (
			);
			dependencies = (
			);
			name = "E-Learning";
			productName = "E-Learning";
			productReference = 0377D4642CEBBA0E006C60F6 /* E-Learning.app */;
			productType = "com.apple.product-type.application";
		};
/* End PBXNativeTarget section */

/* Begin PBXProject section */
		0377D45C2CEBBA0C006C60F6 /* Project object */ = {
			isa = PBXProject;
			attributes = {
				BuildIndependentTargetsInParallel = 1;
				LastSwiftUpdateCheck = 1420;
				LastUpgradeCheck = 1420;
				TargetAttributes = {
					0377D4632CEBBA0E006C60F6 = {
						CreatedOnToolsVersion = 14.2;
					};
				};
			};
			buildConfigurationList = 0377D45F2CEBBA0C006C60F6 /* Build configuration list for PBXProject "E-Learning" */;
			compatibilityVersion = "Xcode 14.0";
			developmentRegion = en;
			hasScannedForEncodings = 0;
			knownRegions = (
				en,
				Base,
			);
			mainGroup = 0377D45B2CEBBA0C006C60F6;
			productRefGroup = 0377D4652CEBBA0E006C60F6 /* Products */;
			projectDirPath = "";
			projectRoot = "";
			targets = (
				0377D4632CEBBA0E006C60F6 /* E-Learning */,
			);
		};
/* End PBXProject section */

/* Begin PBXResourcesBuildPhase section */
		0377D4622CEBBA0E006C60F6 /* Resources */ = {
			isa = PBXResourcesBuildPhase;
			buildActionMask = 2147483647;
			files = (
				0377D4802CEBC26D006C60F6 /* Second.storyboard in Resources */,
				0328C1152CEE4BB400CC1DCF /* FeaturedCoursesCollectionViewCell.xib in Resources */,
				0328C10F2CEE1B7C00CC1DCF /* CoursesCollectionViewCell.xib in Resources */,
				038230022CED308C00F96ACB /* ContinueCollectionViewCell.xib in Resources */,
				0377D4772CEBBA3D006C60F6 /* LaunchScreen.storyboard in Resources */,
				0377D4742CEBBA3D006C60F6 /* Assets.xcassets in Resources */,
				03822FFE2CED017D00F96ACB /* HeaderCollectionViewCell.xib in Resources */,
				0328C11B2CEE71F500CC1DCF /* CareerPathsCollectionViewCell.xib in Resources */,
				03822FE32CECC27B00F96ACB /* Main.storyboard in Resources */,
			);
			runOnlyForDeploymentPostprocessing = 0;
		};
/* End PBXResourcesBuildPhase section */

/* Begin PBXSourcesBuildPhase section */
		0377D4602CEBBA0E006C60F6 /* Sources */ = {
			isa = PBXSourcesBuildPhase;
			buildActionMask = 2147483647;
			files = (
				03822FE52CECC71500F96ACB /* SearchViewController.swift in Sources */,
				0377D46C2CEBBA0E006C60F6 /* ViewController.swift in Sources */,
				7D89CE932CED542800A5B64A /* SectionHeaderView.swift in Sources */,
				0377D4682CEBBA0E006C60F6 /* AppDelegate.swift in Sources */,
				03822FEB2CECC97C00F96ACB /* HomeViewController.swift in Sources */,
				0377D46A2CEBBA0E006C60F6 /* SceneDelegate.swift in Sources */,
				0328C10E2CEE1B7C00CC1DCF /* CoursesCollectionViewCell.swift in Sources */,
				0328C1142CEE4BB400CC1DCF /* FeaturedCoursesCollectionViewCell.swift in Sources */,
				7D89CE952CED5E5C00A5B64A /* coursesTitlesCellCollectionViewCell.swift in Sources */,
				03822FE92CECC93700F96ACB /* ProfileViewController.swift in Sources */,
				7DA9C0E12CED29C00075C213 /* SecondHomeCollectionViewController.swift in Sources */,
				0328C1172CEE575B00CC1DCF /* FeaturedCoursesCollectionView.swift in Sources */,
				03822FE72CECC90900F96ACB /* MyLearningViewController.swift in Sources */,
				03822FFD2CED017D00F96ACB /* HeaderCollectionViewCell.swift in Sources */,
				0328C11A2CEE71F500CC1DCF /* CareerPathsCollectionViewCell.swift in Sources */,
				0328C1112CEE325500CC1DCF /* CoursesSectionCell.swift in Sources */,
				03822FFA2CECE8A000F96ACB /* OnboardingViewController.swift in Sources */,
				0377D4722CEBBA0F006C60F6 /* E_Learning.xcdatamodeld in Sources */,
				038230012CED308C00F96ACB /* ContinueCollectionViewCell.swift in Sources */,
				0328C11D2CEE77C200CC1DCF /* CareerPathCollectionView.swift in Sources */,
			);
			runOnlyForDeploymentPostprocessing = 0;
		};
/* End PBXSourcesBuildPhase section */

/* Begin PBXVariantGroup section */
		0377D4752CEBBA3D006C60F6 /* LaunchScreen.storyboard */ = {
			isa = PBXVariantGroup;
			children = (
				0377D4762CEBBA3D006C60F6 /* Base */,
			);
			name = LaunchScreen.storyboard;
			sourceTree = "<group>";
		};
/* End PBXVariantGroup section */

/* Begin XCBuildConfiguration section */
		0377D4792CEBBA3D006C60F6 /* Debug */ = {
			isa = XCBuildConfiguration;
			buildSettings = {
				ALWAYS_SEARCH_USER_PATHS = NO;
				CLANG_ANALYZER_NONNULL = YES;
				CLANG_ANALYZER_NUMBER_OBJECT_CONVERSION = YES_AGGRESSIVE;
				CLANG_CXX_LANGUAGE_STANDARD = "gnu++20";
				CLANG_ENABLE_MODULES = YES;
				CLANG_ENABLE_OBJC_ARC = YES;
				CLANG_ENABLE_OBJC_WEAK = YES;
				CLANG_WARN_BLOCK_CAPTURE_AUTORELEASING = YES;
				CLANG_WARN_BOOL_CONVERSION = YES;
				CLANG_WARN_COMMA = YES;
				CLANG_WARN_CONSTANT_CONVERSION = YES;
				CLANG_WARN_DEPRECATED_OBJC_IMPLEMENTATIONS = YES;
				CLANG_WARN_DIRECT_OBJC_ISA_USAGE = YES_ERROR;
				CLANG_WARN_DOCUMENTATION_COMMENTS = YES;
				CLANG_WARN_EMPTY_BODY = YES;
				CLANG_WARN_ENUM_CONVERSION = YES;
				CLANG_WARN_INFINITE_RECURSION = YES;
				CLANG_WARN_INT_CONVERSION = YES;
				CLANG_WARN_NON_LITERAL_NULL_CONVERSION = YES;
				CLANG_WARN_OBJC_IMPLICIT_RETAIN_SELF = YES;
				CLANG_WARN_OBJC_LITERAL_CONVERSION = YES;
				CLANG_WARN_OBJC_ROOT_CLASS = YES_ERROR;
				CLANG_WARN_QUOTED_INCLUDE_IN_FRAMEWORK_HEADER = YES;
				CLANG_WARN_RANGE_LOOP_ANALYSIS = YES;
				CLANG_WARN_STRICT_PROTOTYPES = YES;
				CLANG_WARN_SUSPICIOUS_MOVE = YES;
				CLANG_WARN_UNGUARDED_AVAILABILITY = YES_AGGRESSIVE;
				CLANG_WARN_UNREACHABLE_CODE = YES;
				CLANG_WARN__DUPLICATE_METHOD_MATCH = YES;
				COPY_PHASE_STRIP = NO;
				DEBUG_INFORMATION_FORMAT = dwarf;
				ENABLE_STRICT_OBJC_MSGSEND = YES;
				ENABLE_TESTABILITY = YES;
				GCC_C_LANGUAGE_STANDARD = gnu11;
				GCC_DYNAMIC_NO_PIC = NO;
				GCC_NO_COMMON_BLOCKS = YES;
				GCC_OPTIMIZATION_LEVEL = 0;
				GCC_PREPROCESSOR_DEFINITIONS = (
					"DEBUG=1",
					"$(inherited)",
				);
				GCC_WARN_64_TO_32_BIT_CONVERSION = YES;
				GCC_WARN_ABOUT_RETURN_TYPE = YES_ERROR;
				GCC_WARN_UNDECLARED_SELECTOR = YES;
				GCC_WARN_UNINITIALIZED_AUTOS = YES_AGGRESSIVE;
				GCC_WARN_UNUSED_FUNCTION = YES;
				GCC_WARN_UNUSED_VARIABLE = YES;
				IPHONEOS_DEPLOYMENT_TARGET = 16.2;
				MTL_ENABLE_DEBUG_INFO = INCLUDE_SOURCE;
				MTL_FAST_MATH = YES;
				ONLY_ACTIVE_ARCH = YES;
				SDKROOT = iphoneos;
				SWIFT_ACTIVE_COMPILATION_CONDITIONS = DEBUG;
				SWIFT_OPTIMIZATION_LEVEL = "-Onone";
			};
			name = Debug;
		};
		0377D47A2CEBBA3D006C60F6 /* Release */ = {
			isa = XCBuildConfiguration;
			buildSettings = {
				ALWAYS_SEARCH_USER_PATHS = NO;
				CLANG_ANALYZER_NONNULL = YES;
				CLANG_ANALYZER_NUMBER_OBJECT_CONVERSION = YES_AGGRESSIVE;
				CLANG_CXX_LANGUAGE_STANDARD = "gnu++20";
				CLANG_ENABLE_MODULES = YES;
				CLANG_ENABLE_OBJC_ARC = YES;
				CLANG_ENABLE_OBJC_WEAK = YES;
				CLANG_WARN_BLOCK_CAPTURE_AUTORELEASING = YES;
				CLANG_WARN_BOOL_CONVERSION = YES;
				CLANG_WARN_COMMA = YES;
				CLANG_WARN_CONSTANT_CONVERSION = YES;
				CLANG_WARN_DEPRECATED_OBJC_IMPLEMENTATIONS = YES;
				CLANG_WARN_DIRECT_OBJC_ISA_USAGE = YES_ERROR;
				CLANG_WARN_DOCUMENTATION_COMMENTS = YES;
				CLANG_WARN_EMPTY_BODY = YES;
				CLANG_WARN_ENUM_CONVERSION = YES;
				CLANG_WARN_INFINITE_RECURSION = YES;
				CLANG_WARN_INT_CONVERSION = YES;
				CLANG_WARN_NON_LITERAL_NULL_CONVERSION = YES;
				CLANG_WARN_OBJC_IMPLICIT_RETAIN_SELF = YES;
				CLANG_WARN_OBJC_LITERAL_CONVERSION = YES;
				CLANG_WARN_OBJC_ROOT_CLASS = YES_ERROR;
				CLANG_WARN_QUOTED_INCLUDE_IN_FRAMEWORK_HEADER = YES;
				CLANG_WARN_RANGE_LOOP_ANALYSIS = YES;
				CLANG_WARN_STRICT_PROTOTYPES = YES;
				CLANG_WARN_SUSPICIOUS_MOVE = YES;
				CLANG_WARN_UNGUARDED_AVAILABILITY = YES_AGGRESSIVE;
				CLANG_WARN_UNREACHABLE_CODE = YES;
				CLANG_WARN__DUPLICATE_METHOD_MATCH = YES;
				COPY_PHASE_STRIP = NO;
				DEBUG_INFORMATION_FORMAT = "dwarf-with-dsym";
				ENABLE_NS_ASSERTIONS = NO;
				ENABLE_STRICT_OBJC_MSGSEND = YES;
				GCC_C_LANGUAGE_STANDARD = gnu11;
				GCC_NO_COMMON_BLOCKS = YES;
				GCC_WARN_64_TO_32_BIT_CONVERSION = YES;
				GCC_WARN_ABOUT_RETURN_TYPE = YES_ERROR;
				GCC_WARN_UNDECLARED_SELECTOR = YES;
				GCC_WARN_UNINITIALIZED_AUTOS = YES_AGGRESSIVE;
				GCC_WARN_UNUSED_FUNCTION = YES;
				GCC_WARN_UNUSED_VARIABLE = YES;
				IPHONEOS_DEPLOYMENT_TARGET = 16.2;
				MTL_ENABLE_DEBUG_INFO = NO;
				MTL_FAST_MATH = YES;
				SDKROOT = iphoneos;
				SWIFT_COMPILATION_MODE = wholemodule;
				SWIFT_OPTIMIZATION_LEVEL = "-O";
				VALIDATE_PRODUCT = YES;
			};
			name = Release;
		};
		0377D47C2CEBBA3D006C60F6 /* Debug */ = {
			isa = XCBuildConfiguration;
			buildSettings = {
				ASSETCATALOG_COMPILER_APPICON_NAME = AppIcon;
				ASSETCATALOG_COMPILER_GLOBAL_ACCENT_COLOR_NAME = AccentColor;
				CODE_SIGN_STYLE = Automatic;
				CURRENT_PROJECT_VERSION = 1;
				GENERATE_INFOPLIST_FILE = YES;
				INFOPLIST_FILE = "E-Learning/Info.plist";
				INFOPLIST_KEY_UIApplicationSupportsIndirectInputEvents = YES;
				INFOPLIST_KEY_UILaunchStoryboardName = LaunchScreen;
				INFOPLIST_KEY_UIMainStoryboardFile = Main;
				INFOPLIST_KEY_UISupportedInterfaceOrientations_iPad = "UIInterfaceOrientationPortrait UIInterfaceOrientationPortraitUpsideDown UIInterfaceOrientationLandscapeLeft UIInterfaceOrientationLandscapeRight";
				INFOPLIST_KEY_UISupportedInterfaceOrientations_iPhone = "UIInterfaceOrientationPortrait UIInterfaceOrientationLandscapeLeft UIInterfaceOrientationLandscapeRight";
				LD_RUNPATH_SEARCH_PATHS = (
					"$(inherited)",
					"@executable_path/Frameworks",
				);
				MARKETING_VERSION = 1.0;
				PRODUCT_BUNDLE_IDENTIFIER = "com.iti.E-Learning";
				PRODUCT_NAME = "$(TARGET_NAME)";
				SWIFT_EMIT_LOC_STRINGS = YES;
				SWIFT_VERSION = 5.0;
				TARGETED_DEVICE_FAMILY = "1,2";
			};
			name = Debug;
		};
		0377D47D2CEBBA3D006C60F6 /* Release */ = {
			isa = XCBuildConfiguration;
			buildSettings = {
				ASSETCATALOG_COMPILER_APPICON_NAME = AppIcon;
				ASSETCATALOG_COMPILER_GLOBAL_ACCENT_COLOR_NAME = AccentColor;
				CODE_SIGN_STYLE = Automatic;
				CURRENT_PROJECT_VERSION = 1;
				GENERATE_INFOPLIST_FILE = YES;
				INFOPLIST_FILE = "E-Learning/Info.plist";
				INFOPLIST_KEY_UIApplicationSupportsIndirectInputEvents = YES;
				INFOPLIST_KEY_UILaunchStoryboardName = LaunchScreen;
				INFOPLIST_KEY_UIMainStoryboardFile = Main;
				INFOPLIST_KEY_UISupportedInterfaceOrientations_iPad = "UIInterfaceOrientationPortrait UIInterfaceOrientationPortraitUpsideDown UIInterfaceOrientationLandscapeLeft UIInterfaceOrientationLandscapeRight";
				INFOPLIST_KEY_UISupportedInterfaceOrientations_iPhone = "UIInterfaceOrientationPortrait UIInterfaceOrientationLandscapeLeft UIInterfaceOrientationLandscapeRight";
				LD_RUNPATH_SEARCH_PATHS = (
					"$(inherited)",
					"@executable_path/Frameworks",
				);
				MARKETING_VERSION = 1.0;
				PRODUCT_BUNDLE_IDENTIFIER = "com.iti.E-Learning";
				PRODUCT_NAME = "$(TARGET_NAME)";
				SWIFT_EMIT_LOC_STRINGS = YES;
				SWIFT_VERSION = 5.0;
				TARGETED_DEVICE_FAMILY = "1,2";
			};
			name = Release;
		};
/* End XCBuildConfiguration section */

/* Begin XCConfigurationList section */
		0377D45F2CEBBA0C006C60F6 /* Build configuration list for PBXProject "E-Learning" */ = {
			isa = XCConfigurationList;
			buildConfigurations = (
				0377D4792CEBBA3D006C60F6 /* Debug */,
				0377D47A2CEBBA3D006C60F6 /* Release */,
			);
			defaultConfigurationIsVisible = 0;
			defaultConfigurationName = Release;
		};
		0377D47B2CEBBA3D006C60F6 /* Build configuration list for PBXNativeTarget "E-Learning" */ = {
			isa = XCConfigurationList;
			buildConfigurations = (
				0377D47C2CEBBA3D006C60F6 /* Debug */,
				0377D47D2CEBBA3D006C60F6 /* Release */,
			);
			defaultConfigurationIsVisible = 0;
			defaultConfigurationName = Release;
		};
/* End XCConfigurationList section */

/* Begin XCVersionGroup section */
		0377D4702CEBBA0F006C60F6 /* E_Learning.xcdatamodeld */ = {
			isa = XCVersionGroup;
			children = (
				0377D4712CEBBA0F006C60F6 /* E_Learning.xcdatamodel */,
			);
			currentVersion = 0377D4712CEBBA0F006C60F6 /* E_Learning.xcdatamodel */;
			path = E_Learning.xcdatamodeld;
			sourceTree = "<group>";
			versionGroupType = wrapper.xcdatamodel;
		};
/* End XCVersionGroup section */
	};
	rootObject = 0377D45C2CEBBA0C006C60F6 /* Project object */;
}
